{
  "id":6,
  "username":"abolsteridge5",
  "firstName":"Abel",
  "lastName":"Bolsteridge",
  "email":"abolsteridge5@netscape.com",
  "zipCode":78664,
  "createdAt":"2022-03-30T13:48:47.000Z",
  "updatedAt":"2022-03-30T13:48:47.000Z",
  "deletedAt":null,
  "MyPlants":[
    {
      "PlantBasic":{
        "id":14,
        "botanicalName":"Eucalyptus sargentii Maiden","commonName":"Eucalyptus","family":"Myrtaceae","origin":"China","plantType":"Zosterophyllophyta","zone":"Asia/Kashgar","growthRate":"18","height":"26","flowers":"Aenean fermentum. Donec ut mauris eget massa tempor convallis. Nulla neque libero, convallis eget, eleifend luctus, ultricies eu, nibh.\n\nQuisque id justo sit amet sapien dignissim vestibulum. Vestibulum ante ipsum primis in faucibus orci luctus et ultrices posuere cubilia Curae; Nulla dapibus dolor vel est. Donec odio justo, sollicitudin ut, suscipit a, feugiat et, eros.\n\nVestibulum ac est lacinia nisi venenatis tristique. Fusce congue, diam id ornare imperdiet, sapien urna pretium nisl, ut volutpat sapien arcu sed augue. Aliquam erat volutpat.","toxicity":"Cras mi pede, malesuada in, imperdiet et, commodo vulputate, justo. In blandit ultrices enim. Lorem ipsum dolor sit amet, consectetuer adipiscing elit.","createdAt":"2022-03-30T13:48:47.000Z","updatedAt":"2022-03-30T13:48:47.000Z","deletedAt":null}},{"id":26,"userId":6,"plant_basic_id":5,"createdAt":"2022-03-30T13:48:47.000Z","updatedAt":"2022-03-30T13:48:47.000Z","deletedAt":null,"user_id":6,"PlantBasicId":5,"PlantBasic":{"id":5,"botanicalName":"Parochetus communis Buch.-Ham. ex D. Don","commonName":"Blue-oxalis","family":"Fabaceae","origin":"Russia","plantType":"Lignophyta","zone":"Europe/Moscow","growthRate":"5","height":"64","flowers":"Nulla ut erat id mauris vulputate elementum. Nullam varius. Nulla facilisi.","toxicity":"Duis bibendum. Morbi non quam nec dui luctus rutrum. Nulla tellus.","createdAt":"2022-03-30T13:48:47.000Z","updatedAt":"2022-03-30T13:48:47.000Z","deletedAt":null}},{"id":46,"userId":6,"plant_basic_id":12,"createdAt":"2022-03-30T13:48:47.000Z","updatedAt":"2022-03-30T13:48:47.000Z","deletedAt":null,"user_id":6,"PlantBasicId":12,"PlantBasic":{"id":12,"botanicalName":"Carex laxiculmis Schwein. var. laxiculmis","commonName":"Spreading Sedge","family":"Cyperaceae","origin":"Philippines","plantType":"Tracheophytes","zone":"Asia/Manila","growthRate":"6","height":"19","flowers":"Cras mi pede, malesuada in, imperdiet et, commodo vulputate, justo. In blandit ultrices enim. Lorem ipsum dolor sit amet, consectetuer adipiscing elit.\n\nProin interdum mauris non ligula pellentesque ultrices. Phasellus id sapien in sapien iaculis congue. Vivamus metus arcu, adipiscing molestie, hendrerit at, vulputate vitae, nisl.\n\nAenean lectus. Pellentesque eget nunc. Donec quis orci eget orci vehicula condimentum.","toxicity":"Curabitur in libero ut massa volutpat convallis. Morbi odio odio, elementum eu, interdum eu, tincidunt in, leo. Maecenas pulvinar lobortis est.\n\nPhasellus sit amet erat. Nulla tempus. Vivamus in felis eu sapien cursus vestibulum.","createdAt":"2022-03-30T13:48:47.000Z","updatedAt":"2022-03-30T13:48:47.000Z","deletedAt":null}},{"id":66,"userId":6,"plant_basic_id":4,"createdAt":"2022-03-30T13:48:47.000Z","updatedAt":"2022-03-30T13:48:47.000Z","deletedAt":null,"user_id":6,"PlantBasicId":4,"PlantBasic":{"id":4,"botanicalName":"Mitella prostrata Michx.","commonName":"Creeping Bishop's Cap","family":"Saxifragaceae","origin":"Portugal","plantType":"Rhyniophyta","zone":"Europe/Lisbon","growthRate":"24","height":"90","flowers":"Praesent blandit. Nam nulla. Integer pede justo, lacinia eget, tincidunt eget, tempus vel, pede.","toxicity":"Nam ultrices, libero non mattis pulvinar, nulla pede ullamcorper augue, a suscipit nulla elit ac nulla. Sed vel enim sit amet nunc viverra dapibus. Nulla suscipit ligula in lacus.\n\nCurabitur at ipsum ac tellus semper interdum. Mauris ullamcorper purus sit amet nulla. Quisque arcu libero, rutrum ac, lobortis vel, dapibus at, diam.","createdAt":"2022-03-30T13:48:47.000Z","updatedAt":"2022-03-30T13:48:47.000Z","deletedAt":null}}]

        